
Microsoft Visual Studio Solution File, Format Version 12.00
# Visual Studio Version 17
VisualStudioVersion = 17.8.34525.116
MinimumVisualStudioVersion = 10.0.40219.1
Project("{FAE04EC0-301F-11D3-BF4B-00C04F79EFBC}") = "Лекции 81-85", "Лекции 81-85\Лекции 81-85.csproj", "{670A386B-131E-442E-8923-AE66A3063169}"
EndProject
Global
	GlobalSection(SolutionConfigurationPlatforms) = preSolution
		Debug|Any CPU = Debug|Any CPU
		Release|Any CPU = Release|Any CPU
	EndGlobalSection
	GlobalSection(ProjectConfigurationPlatforms) = postSolution
		{670A386B-131E-442E-8923-AE66A3063169}.Debug|Any CPU.ActiveCfg = Debug|Any CPU
		{670A386B-131E-442E-8923-AE66A3063169}.Debug|Any CPU.Build.0 = Debug|Any CPU
		{670A386B-131E-442E-8923-AE66A3063169}.Release|Any CPU.ActiveCfg = Release|Any CPU
		{670A386B-131E-442E-8923-AE66A3063169}.Release|Any CPU.Build.0 = Release|Any CPU
	EndGlobalSection
	GlobalSection(SolutionProperties) = preSolution
		HideSolutionNode = FALSE
	EndGlobalSection
	GlobalSection(ExtensibilityGlobals) = postSolution
		SolutionGuid = {B3A1EAC7-729D-4874-9603-B430851798D9}
	EndGlobalSection
EndGlobal
